
Microsoft Visual Studio Solution File, Format Version 12.00
# Visual Studio Version 16
VisualStudioVersion = 16.0.29709.97
MinimumVisualStudioVersion = 10.0.40219.1
Project("{FAE04EC0-301F-11D3-BF4B-00C04F79EFBC}") = "ClinicPac.Android", "ClinicPac\ClinicPac.Android\ClinicPac.Android.csproj", "{9EF0E7DF-63C4-4DBB-AA46-78EC0C561A5B}"
EndProject
Project("{FAE04EC0-301F-11D3-BF4B-00C04F79EFBC}") = "ClinicPac.iOS", "ClinicPac\ClinicPac.iOS\ClinicPac.iOS.csproj", "{318FBCBB-EE8C-4EEF-BEF9-FD243B7A0B64}"
EndProject
Project("{FAE04EC0-301F-11D3-BF4B-00C04F79EFBC}") = "ClinicPac", "ClinicPac\ClinicPac\ClinicPac.csproj", "{EDE867D8-44EE-484D-ABDB-90C77E22763A}"
EndProject
Global
	GlobalSection(SolutionConfigurationPlatforms) = preSolution
		Debug|Any CPU = Debug|Any CPU
		Debug|iPhone = Debug|iPhone
		Debug|iPhoneSimulator = Debug|iPhoneSimulator
		Release|Any CPU = Release|Any CPU
		Release|iPhone = Release|iPhone
		Release|iPhoneSimulator = Release|iPhoneSimulator
	EndGlobalSection
	GlobalSection(ProjectConfigurationPlatforms) = postSolution
		{9EF0E7DF-63C4-4DBB-AA46-78EC0C561A5B}.Debug|Any CPU.ActiveCfg = Debug|Any CPU
		{9EF0E7DF-63C4-4DBB-AA46-78EC0C561A5B}.Debug|Any CPU.Build.0 = Debug|Any CPU
		{9EF0E7DF-63C4-4DBB-AA46-78EC0C561A5B}.Debug|Any CPU.Deploy.0 = Debug|Any CPU
		{9EF0E7DF-63C4-4DBB-AA46-78EC0C561A5B}.Debug|iPhone.ActiveCfg = Debug|Any CPU
		{9EF0E7DF-63C4-4DBB-AA46-78EC0C561A5B}.Debug|iPhone.Build.0 = Debug|Any CPU
		{9EF0E7DF-63C4-4DBB-AA46-78EC0C561A5B}.Debug|iPhone.Deploy.0 = Debug|Any CPU
		{9EF0E7DF-63C4-4DBB-AA46-78EC0C561A5B}.Debug|iPhoneSimulator.ActiveCfg = Debug|Any CPU
		{9EF0E7DF-63C4-4DBB-AA46-78EC0C561A5B}.Debug|iPhoneSimulator.Build.0 = Debug|Any CPU
		{9EF0E7DF-63C4-4DBB-AA46-78EC0C561A5B}.Debug|iPhoneSimulator.Deploy.0 = Debug|Any CPU
		{9EF0E7DF-63C4-4DBB-AA46-78EC0C561A5B}.Release|Any CPU.ActiveCfg = Release|Any CPU
		{9EF0E7DF-63C4-4DBB-AA46-78EC0C561A5B}.Release|Any CPU.Build.0 = Release|Any CPU
		{9EF0E7DF-63C4-4DBB-AA46-78EC0C561A5B}.Release|Any CPU.Deploy.0 = Release|Any CPU
		{9EF0E7DF-63C4-4DBB-AA46-78EC0C561A5B}.Release|iPhone.ActiveCfg = Release|Any CPU
		{9EF0E7DF-63C4-4DBB-AA46-78EC0C561A5B}.Release|iPhone.Build.0 = Release|Any CPU
		{9EF0E7DF-63C4-4DBB-AA46-78EC0C561A5B}.Release|iPhone.Deploy.0 = Release|Any CPU
		{9EF0E7DF-63C4-4DBB-AA46-78EC0C561A5B}.Release|iPhoneSimulator.ActiveCfg = Release|Any CPU
		{9EF0E7DF-63C4-4DBB-AA46-78EC0C561A5B}.Release|iPhoneSimulator.Build.0 = Release|Any CPU
		{9EF0E7DF-63C4-4DBB-AA46-78EC0C561A5B}.Release|iPhoneSimulator.Deploy.0 = Release|Any CPU
		{318FBCBB-EE8C-4EEF-BEF9-FD243B7A0B64}.Debug|Any CPU.ActiveCfg = Debug|iPhoneSimulator
		{318FBCBB-EE8C-4EEF-BEF9-FD243B7A0B64}.Debug|Any CPU.Build.0 = Debug|iPhoneSimulator
		{318FBCBB-EE8C-4EEF-BEF9-FD243B7A0B64}.Debug|Any CPU.Deploy.0 = Debug|iPhoneSimulator
		{318FBCBB-EE8C-4EEF-BEF9-FD243B7A0B64}.Debug|iPhone.ActiveCfg = Debug|iPhone
		{318FBCBB-EE8C-4EEF-BEF9-FD243B7A0B64}.Debug|iPhone.Build.0 = Debug|iPhone
		{318FBCBB-EE8C-4EEF-BEF9-FD243B7A0B64}.Debug|iPhone.Deploy.0 = Debug|iPhone
		{318FBCBB-EE8C-4EEF-BEF9-FD243B7A0B64}.Debug|iPhoneSimulator.ActiveCfg = Debug|iPhoneSimulator
		{318FBCBB-EE8C-4EEF-BEF9-FD243B7A0B64}.Debug|iPhoneSimulator.Build.0 = Debug|iPhoneSimulator
		{318FBCBB-EE8C-4EEF-BEF9-FD243B7A0B64}.Debug|iPhoneSimulator.Deploy.0 = Debug|iPhoneSimulator
		{318FBCBB-EE8C-4EEF-BEF9-FD243B7A0B64}.Release|Any CPU.ActiveCfg = Release|iPhone
		{318FBCBB-EE8C-4EEF-BEF9-FD243B7A0B64}.Release|Any CPU.Build.0 = Release|iPhone
		{318FBCBB-EE8C-4EEF-BEF9-FD243B7A0B64}.Release|Any CPU.Deploy.0 = Release|iPhone
		{318FBCBB-EE8C-4EEF-BEF9-FD243B7A0B64}.Release|iPhone.ActiveCfg = Release|iPhone
		{318FBCBB-EE8C-4EEF-BEF9-FD243B7A0B64}.Release|iPhone.Build.0 = Release|iPhone
		{318FBCBB-EE8C-4EEF-BEF9-FD243B7A0B64}.Release|iPhone.Deploy.0 = Release|iPhone
		{318FBCBB-EE8C-4EEF-BEF9-FD243B7A0B64}.Release|iPhoneSimulator.ActiveCfg = Release|iPhoneSimulator
		{318FBCBB-EE8C-4EEF-BEF9-FD243B7A0B64}.Release|iPhoneSimulator.Build.0 = Release|iPhoneSimulator
		{318FBCBB-EE8C-4EEF-BEF9-FD243B7A0B64}.Release|iPhoneSimulator.Deploy.0 = Release|iPhoneSimulator
		{EDE867D8-44EE-484D-ABDB-90C77E22763A}.Debug|Any CPU.ActiveCfg = Debug|Any CPU
		{EDE867D8-44EE-484D-ABDB-90C77E22763A}.Debug|Any CPU.Build.0 = Debug|Any CPU
		{EDE867D8-44EE-484D-ABDB-90C77E22763A}.Debug|Any CPU.Deploy.0 = Debug|Any CPU
		{EDE867D8-44EE-484D-ABDB-90C77E22763A}.Debug|iPhone.ActiveCfg = Debug|Any CPU
		{EDE867D8-44EE-484D-ABDB-90C77E22763A}.Debug|iPhone.Build.0 = Debug|Any CPU
		{EDE867D8-44EE-484D-ABDB-90C77E22763A}.Debug|iPhone.Deploy.0 = Debug|Any CPU
		{EDE867D8-44EE-484D-ABDB-90C77E22763A}.Debug|iPhoneSimulator.ActiveCfg = Debug|Any CPU
		{EDE867D8-44EE-484D-ABDB-90C77E22763A}.Debug|iPhoneSimulator.Build.0 = Debug|Any CPU
		{EDE867D8-44EE-484D-ABDB-90C77E22763A}.Debug|iPhoneSimulator.Deploy.0 = Debug|Any CPU
		{EDE867D8-44EE-484D-ABDB-90C77E22763A}.Release|Any CPU.ActiveCfg = Release|Any CPU
		{EDE867D8-44EE-484D-ABDB-90C77E22763A}.Release|Any CPU.Build.0 = Release|Any CPU
		{EDE867D8-44EE-484D-ABDB-90C77E22763A}.Release|Any CPU.Deploy.0 = Release|Any CPU
		{EDE867D8-44EE-484D-ABDB-90C77E22763A}.Release|iPhone.ActiveCfg = Release|Any CPU
		{EDE867D8-44EE-484D-ABDB-90C77E22763A}.Release|iPhone.Build.0 = Release|Any CPU
		{EDE867D8-44EE-484D-ABDB-90C77E22763A}.Release|iPhone.Deploy.0 = Release|Any CPU
		{EDE867D8-44EE-484D-ABDB-90C77E22763A}.Release|iPhoneSimulator.ActiveCfg = Release|Any CPU
		{EDE867D8-44EE-484D-ABDB-90C77E22763A}.Release|iPhoneSimulator.Build.0 = Release|Any CPU
		{EDE867D8-44EE-484D-ABDB-90C77E22763A}.Release|iPhoneSimulator.Deploy.0 = Release|Any CPU
	EndGlobalSection
	GlobalSection(SolutionProperties) = preSolution
		HideSolutionNode = FALSE
	EndGlobalSection
	GlobalSection(ExtensibilityGlobals) = postSolution
		SolutionGuid = {C0ECC346-BAA8-4A76-9370-A4FE567915D9}
	EndGlobalSection
EndGlobal
